
Microsoft Visual Studio Solution File, Format Version 12.00
# Visual Studio 15
VisualStudioVersion = 15.0.28307.106
MinimumVisualStudioVersion = 10.0.40219.1
Project("{9A19103F-16F7-4668-BE54-9A1E7A4F7556}") = "PhoneDirectory.Dal", "PhoneDirectory.Dal\PhoneDirectory.Dal.csproj", "{CCFFF20D-5C5E-4AEE-BDA5-9DAE358231E7}"
EndProject
Project("{9A19103F-16F7-4668-BE54-9A1E7A4F7556}") = "PhoneDirectory.Bll", "PhoneProject.Bll\PhoneDirectory.Bll.csproj", "{CA90043D-E6E9-4845-A270-2F158C4F018A}"
EndProject
Project("{9A19103F-16F7-4668-BE54-9A1E7A4F7556}") = "PhoneDirectory.Entities", "PhoneDirectory.Entities\PhoneDirectory.Entities.csproj", "{D63DE892-3B80-449F-A51B-B636DF9FCA1A}"
EndProject
Project("{9A19103F-16F7-4668-BE54-9A1E7A4F7556}") = "PhoneDirectory.Interfaces", "PhoneDirectory.Interfaces\PhoneDirectory.Interfaces.csproj", "{7A1E91A7-267C-45C8-9F84-71F45D37F738}"
EndProject
Project("{FAE04EC0-301F-11D3-BF4B-00C04F79EFBC}") = "PhoneDirectory.MVCWebUI", "PhoneDirectory.MVCWebUI\PhoneDirectory.MVCWebUI.csproj", "{046052FD-F3C4-40FE-80F7-5F2E40A08C37}"
EndProject
Global
	GlobalSection(SolutionConfigurationPlatforms) = preSolution
		Debug|Any CPU = Debug|Any CPU
		Release|Any CPU = Release|Any CPU
	EndGlobalSection
	GlobalSection(ProjectConfigurationPlatforms) = postSolution
		{CCFFF20D-5C5E-4AEE-BDA5-9DAE358231E7}.Debug|Any CPU.ActiveCfg = Debug|Any CPU
		{CCFFF20D-5C5E-4AEE-BDA5-9DAE358231E7}.Debug|Any CPU.Build.0 = Debug|Any CPU
		{CCFFF20D-5C5E-4AEE-BDA5-9DAE358231E7}.Release|Any CPU.ActiveCfg = Release|Any CPU
		{CCFFF20D-5C5E-4AEE-BDA5-9DAE358231E7}.Release|Any CPU.Build.0 = Release|Any CPU
		{CA90043D-E6E9-4845-A270-2F158C4F018A}.Debug|Any CPU.ActiveCfg = Debug|Any CPU
		{CA90043D-E6E9-4845-A270-2F158C4F018A}.Debug|Any CPU.Build.0 = Debug|Any CPU
		{CA90043D-E6E9-4845-A270-2F158C4F018A}.Release|Any CPU.ActiveCfg = Release|Any CPU
		{CA90043D-E6E9-4845-A270-2F158C4F018A}.Release|Any CPU.Build.0 = Release|Any CPU
		{D63DE892-3B80-449F-A51B-B636DF9FCA1A}.Debug|Any CPU.ActiveCfg = Debug|Any CPU
		{D63DE892-3B80-449F-A51B-B636DF9FCA1A}.Debug|Any CPU.Build.0 = Debug|Any CPU
		{D63DE892-3B80-449F-A51B-B636DF9FCA1A}.Release|Any CPU.ActiveCfg = Release|Any CPU
		{D63DE892-3B80-449F-A51B-B636DF9FCA1A}.Release|Any CPU.Build.0 = Release|Any CPU
		{7A1E91A7-267C-45C8-9F84-71F45D37F738}.Debug|Any CPU.ActiveCfg = Debug|Any CPU
		{7A1E91A7-267C-45C8-9F84-71F45D37F738}.Debug|Any CPU.Build.0 = Debug|Any CPU
		{7A1E91A7-267C-45C8-9F84-71F45D37F738}.Release|Any CPU.ActiveCfg = Release|Any CPU
		{7A1E91A7-267C-45C8-9F84-71F45D37F738}.Release|Any CPU.Build.0 = Release|Any CPU
		{046052FD-F3C4-40FE-80F7-5F2E40A08C37}.Debug|Any CPU.ActiveCfg = Debug|Any CPU
		{046052FD-F3C4-40FE-80F7-5F2E40A08C37}.Debug|Any CPU.Build.0 = Debug|Any CPU
		{046052FD-F3C4-40FE-80F7-5F2E40A08C37}.Release|Any CPU.ActiveCfg = Release|Any CPU
		{046052FD-F3C4-40FE-80F7-5F2E40A08C37}.Release|Any CPU.Build.0 = Release|Any CPU
	EndGlobalSection
	GlobalSection(SolutionProperties) = preSolution
		HideSolutionNode = FALSE
	EndGlobalSection
	GlobalSection(ExtensibilityGlobals) = postSolution
		SolutionGuid = {7D03260B-C328-4A78-B25E-759BA053FAAD}
	EndGlobalSection
EndGlobal
